
Microsoft Visual Studio Solution File, Format Version 12.00
# Visual Studio Version 16
VisualStudioVersion = 16.0.30413.136
MinimumVisualStudioVersion = 10.0.40219.1
Project("{FAE04EC0-301F-11D3-BF4B-00C04F79EFBC}") = "ProblemSolving", "ProblemSolving\ProblemSolving.csproj", "{43CA0585-F479-4796-89ED-7F905041B0D8}"
EndProject
Global
	GlobalSection(SolutionConfigurationPlatforms) = preSolution
		Debug|Any CPU = Debug|Any CPU
		Release|Any CPU = Release|Any CPU
	EndGlobalSection
	GlobalSection(ProjectConfigurationPlatforms) = postSolution
		{43CA0585-F479-4796-89ED-7F905041B0D8}.Debug|Any CPU.ActiveCfg = Debug|Any CPU
		{43CA0585-F479-4796-89ED-7F905041B0D8}.Debug|Any CPU.Build.0 = Debug|Any CPU
		{43CA0585-F479-4796-89ED-7F905041B0D8}.Release|Any CPU.ActiveCfg = Release|Any CPU
		{43CA0585-F479-4796-89ED-7F905041B0D8}.Release|Any CPU.Build.0 = Release|Any CPU
	EndGlobalSection
	GlobalSection(SolutionProperties) = preSolution
		HideSolutionNode = FALSE
	EndGlobalSection
	GlobalSection(ExtensibilityGlobals) = postSolution
		SolutionGuid = {D8E74704-72B0-408F-B137-62C34C8485A5}
	EndGlobalSection
EndGlobal
